// !$*UTF8*$!
{
	archiveVersion = 1;
	classes = {
	};
	objectVersion = 46;
	objects = {

/* Begin PBXBuildFile section */
		B604E79115863BB200F9CA64 /* NSArray+GitExtensions.m in Sources */ = {isa = PBXBuildFile; fileRef = B604E79015863BB200F9CA64 /* NSArray+GitExtensions.m */; };
		B651D5FC157F8C9C00B85A86 /* GitBranch.cpp in Sources */ = {isa = PBXBuildFile; fileRef = B651D5FB157F8C9C00B85A86 /* GitBranch.cpp */; };
		B651D5FF157F8CA700B85A86 /* GitFile.cpp in Sources */ = {isa = PBXBuildFile; fileRef = B651D5FE157F8CA700B85A86 /* GitFile.cpp */; };
		B669586A15419B260010B6E6 /* GEMainWindowController.mm in Sources */ = {isa = PBXBuildFile; fileRef = B669586915419B260010B6E6 /* GEMainWindowController.mm */; };
		B669586E1541AE820010B6E6 /* GEOperationResultController.m in Sources */ = {isa = PBXBuildFile; fileRef = B669586D1541AE820010B6E6 /* GEOperationResultController.m */; };
		B66958701541AEAE0010B6E6 /* OperationResult.xib in Resources */ = {isa = PBXBuildFile; fileRef = B669586F1541AEAE0010B6E6 /* OperationResult.xib */; };
		B6736CB0157E5A5500E7C02F /* GitRepository.cpp in Sources */ = {isa = PBXBuildFile; fileRef = B6736CAC157E5A5500E7C02F /* GitRepository.cpp */; };
		B6736CB1157E5A5500E7C02F /* GitCommands.cpp in Sources */ = {isa = PBXBuildFile; fileRef = B6736CAE157E5A5500E7C02F /* GitCommands.cpp */; };
		B6736CB4157E5BF900E7C02F /* GitObject.cpp in Sources */ = {isa = PBXBuildFile; fileRef = B6736CB3157E5BF800E7C02F /* GitObject.cpp */; };
		B6736CB6157E5C0700E7C02F /* GitCommit.cpp in Sources */ = {isa = PBXBuildFile; fileRef = B6736CB5157E5C0700E7C02F /* GitCommit.cpp */; };
		B6BF1F021551198600AB50E6 /* NSUserDefaults+GitExtensions.m in Sources */ = {isa = PBXBuildFile; fileRef = B6BF1F011551198600AB50E6 /* NSUserDefaults+GitExtensions.m */; };
		B6D42F5D153EC2A300485FFD /* Cocoa.framework in Frameworks */ = {isa = PBXBuildFile; fileRef = B6D42F5C153EC2A300485FFD /* Cocoa.framework */; };
		B6D42F67153EC2A300485FFD /* InfoPlist.strings in Resources */ = {isa = PBXBuildFile; fileRef = B6D42F65153EC2A300485FFD /* InfoPlist.strings */; };
		B6D42F69153EC2A300485FFD /* main.m in Sources */ = {isa = PBXBuildFile; fileRef = B6D42F68153EC2A300485FFD /* main.m */; };
		B6D42F6D153EC2A300485FFD /* Credits.rtf in Resources */ = {isa = PBXBuildFile; fileRef = B6D42F6B153EC2A300485FFD /* Credits.rtf */; };
		B6D42F70153EC2A300485FFD /* GEAppDelegate.m in Sources */ = {isa = PBXBuildFile; fileRef = B6D42F6F153EC2A300485FFD /* GEAppDelegate.m */; };
		B6D42F73153EC2A300485FFD /* MainMenu.xib in Resources */ = {isa = PBXBuildFile; fileRef = B6D42F71153EC2A300485FFD /* MainMenu.xib */; };
		B6D42F7F153EC34A00485FFD /* GEGitRepository.mm in Sources */ = {isa = PBXBuildFile; fileRef = B6D42F7E153EC34A00485FFD /* GEGitRepository.mm */; };
		B6D62147153EF7CB006521B2 /* GECommit.m in Sources */ = {isa = PBXBuildFile; fileRef = B6D62146153EF7CB006521B2 /* GECommit.m */; };
		B6D6214A153F13E4006521B2 /* Commit.xib in Resources */ = {isa = PBXBuildFile; fileRef = B6D62149153F13E4006521B2 /* Commit.xib */; };
		B6D6214D153F19D0006521B2 /* refresh.png in Resources */ = {isa = PBXBuildFile; fileRef = B6D6214C153F19D0006521B2 /* refresh.png */; };
		B6D6214F153F1ACB006521B2 /* open.png in Resources */ = {isa = PBXBuildFile; fileRef = B6D6214E153F1ACB006521B2 /* open.png */; };
		B6D62151153F1C56006521B2 /* commit.png in Resources */ = {isa = PBXBuildFile; fileRef = B6D62150153F1C56006521B2 /* commit.png */; };
		B6D62154153F1E77006521B2 /* GECommitController.m in Sources */ = {isa = PBXBuildFile; fileRef = B6D62153153F1E77006521B2 /* GECommitController.m */; };
		B6D6215A153F2AB8006521B2 /* file_status_none.png in Resources */ = {isa = PBXBuildFile; fileRef = B6D62155153F2AB8006521B2 /* file_status_none.png */; };
		B6D6215D153F2AB8006521B2 /* file_status_deleted.png in Resources */ = {isa = PBXBuildFile; fileRef = B6D62158153F2AB8006521B2 /* file_status_deleted.png */; };
		B6D6215E153F2AB8006521B2 /* file_status_added.png in Resources */ = {isa = PBXBuildFile; fileRef = B6D62159153F2AB8006521B2 /* file_status_added.png */; };
		B6D7C4DA1587264B00EE5A14 /* bugfix.png in Resources */ = {isa = PBXBuildFile; fileRef = B6D7C4D91587264B00EE5A14 /* bugfix.png */; };
		B6D7C4DE158726F200EE5A14 /* GEBugfixController.m in Sources */ = {isa = PBXBuildFile; fileRef = B6D7C4DD158726F200EE5A14 /* GEBugfixController.m */; };
		B6D7C4E0158727A300EE5A14 /* Bugfix.xib in Resources */ = {isa = PBXBuildFile; fileRef = B6D7C4DF158727A300EE5A14 /* Bugfix.xib */; };
		B6FA8080153FF07800F8F67A /* GERepositoryFile.m in Sources */ = {isa = PBXBuildFile; fileRef = B6FA807F153FF07800F8F67A /* GERepositoryFile.m */; };
		B6FA80841540013100F8F67A /* file_status_updated_unmerged.png in Resources */ = {isa = PBXBuildFile; fileRef = B6FA80821540013100F8F67A /* file_status_updated_unmerged.png */; };
		B6FA80851540013100F8F67A /* file_status_modified.png in Resources */ = {isa = PBXBuildFile; fileRef = B6FA80831540013100F8F67A /* file_status_modified.png */; };
		B6FA80881540128700F8F67A /* GEBranch.mm in Sources */ = {isa = PBXBuildFile; fileRef = B6FA80871540128700F8F67A /* GEBranch.mm */; };
/* End PBXBuildFile section */

/* Begin PBXFileReference section */
		B604E78F15863BB200F9CA64 /* NSArray+GitExtensions.h */ = {isa = PBXFileReference; fileEncoding = 4; lastKnownFileType = sourcecode.c.h; path = "NSArray+GitExtensions.h"; sourceTree = "<group>"; };
		B604E79015863BB200F9CA64 /* NSArray+GitExtensions.m */ = {isa = PBXFileReference; fileEncoding = 4; lastKnownFileType = sourcecode.c.objc; path = "NSArray+GitExtensions.m"; sourceTree = "<group>"; };
		B651D5FB157F8C9C00B85A86 /* GitBranch.cpp */ = {isa = PBXFileReference; fileEncoding = 4; lastKnownFileType = sourcecode.cpp.cpp; path = GitBranch.cpp; sourceTree = "<group>"; };
		B651D5FE157F8CA700B85A86 /* GitFile.cpp */ = {isa = PBXFileReference; fileEncoding = 4; lastKnownFileType = sourcecode.cpp.cpp; path = GitFile.cpp; sourceTree = "<group>"; };
		B669586815419B260010B6E6 /* GEMainWindowController.h */ = {isa = PBXFileReference; fileEncoding = 4; lastKnownFileType = sourcecode.c.h; path = GEMainWindowController.h; sourceTree = "<group>"; };
		B669586915419B260010B6E6 /* GEMainWindowController.mm */ = {isa = PBXFileReference; fileEncoding = 4; lastKnownFileType = sourcecode.cpp.objcpp; path = GEMainWindowController.mm; sourceTree = "<group>"; };
		B669586C1541AE810010B6E6 /* GEOperationResultController.h */ = {isa = PBXFileReference; fileEncoding = 4; lastKnownFileType = sourcecode.c.h; path = GEOperationResultController.h; sourceTree = "<group>"; };
		B669586D1541AE820010B6E6 /* GEOperationResultController.m */ = {isa = PBXFileReference; fileEncoding = 4; lastKnownFileType = sourcecode.c.objc; path = GEOperationResultController.m; sourceTree = "<group>"; };
		B669586F1541AEAE0010B6E6 /* OperationResult.xib */ = {isa = PBXFileReference; fileEncoding = 4; lastKnownFileType = file.xib; path = OperationResult.xib; sourceTree = "<group>"; };
		B6736CAC157E5A5500E7C02F /* GitRepository.cpp */ = {isa = PBXFileReference; fileEncoding = 4; lastKnownFileType = sourcecode.cpp.cpp; path = GitRepository.cpp; sourceTree = "<group>"; };
		B6736CAE157E5A5500E7C02F /* GitCommands.cpp */ = {isa = PBXFileReference; fileEncoding = 4; lastKnownFileType = sourcecode.cpp.cpp; path = GitCommands.cpp; sourceTree = "<group>"; };
		B6736CB3157E5BF800E7C02F /* GitObject.cpp */ = {isa = PBXFileReference; fileEncoding = 4; lastKnownFileType = sourcecode.cpp.cpp; path = GitObject.cpp; sourceTree = "<group>"; };
		B6736CB5157E5C0700E7C02F /* GitCommit.cpp */ = {isa = PBXFileReference; fileEncoding = 4; lastKnownFileType = sourcecode.cpp.cpp; path = GitCommit.cpp; sourceTree = "<group>"; };
		B6736CB7157E5CC500E7C02F /* GitObjects.h */ = {isa = PBXFileReference; fileEncoding = 4; lastKnownFileType = sourcecode.c.h; path = GitObjects.h; sourceTree = "<group>"; };
		B6BF1EFF1551196400AB50E6 /* Cocoa+GitExtensions.h */ = {isa = PBXFileReference; fileEncoding = 4; lastKnownFileType = sourcecode.c.h; path = "Cocoa+GitExtensions.h"; sourceTree = "<group>"; };
		B6BF1F001551198600AB50E6 /* NSUserDefaults+GitExtensions.h */ = {isa = PBXFileReference; fileEncoding = 4; lastKnownFileType = sourcecode.c.h; path = "NSUserDefaults+GitExtensions.h"; sourceTree = "<group>"; };
		B6BF1F011551198600AB50E6 /* NSUserDefaults+GitExtensions.m */ = {isa = PBXFileReference; fileEncoding = 4; lastKnownFileType = sourcecode.c.objc; path = "NSUserDefaults+GitExtensions.m"; sourceTree = "<group>"; };
		B6D42F58153EC2A300485FFD /* GitExtensions.app */ = {isa = PBXFileReference; explicitFileType = wrapper.application; includeInIndex = 0; path = GitExtensions.app; sourceTree = BUILT_PRODUCTS_DIR; };
		B6D42F5C153EC2A300485FFD /* Cocoa.framework */ = {isa = PBXFileReference; lastKnownFileType = wrapper.framework; name = Cocoa.framework; path = System/Library/Frameworks/Cocoa.framework; sourceTree = SDKROOT; };
		B6D42F5F153EC2A300485FFD /* AppKit.framework */ = {isa = PBXFileReference; lastKnownFileType = wrapper.framework; name = AppKit.framework; path = System/Library/Frameworks/AppKit.framework; sourceTree = SDKROOT; };
		B6D42F60153EC2A300485FFD /* CoreData.framework */ = {isa = PBXFileReference; lastKnownFileType = wrapper.framework; name = CoreData.framework; path = System/Library/Frameworks/CoreData.framework; sourceTree = SDKROOT; };
		B6D42F61153EC2A300485FFD /* Foundation.framework */ = {isa = PBXFileReference; lastKnownFileType = wrapper.framework; name = Foundation.framework; path = System/Library/Frameworks/Foundation.framework; sourceTree = SDKROOT; };
		B6D42F64153EC2A300485FFD /* GitExtensions-Info.plist */ = {isa = PBXFileReference; lastKnownFileType = text.plist.xml; path = "GitExtensions-Info.plist"; sourceTree = "<group>"; };
		B6D42F66153EC2A300485FFD /* en */ = {isa = PBXFileReference; lastKnownFileType = text.plist.strings; name = en; path = en.lproj/InfoPlist.strings; sourceTree = "<group>"; };
		B6D42F68153EC2A300485FFD /* main.m */ = {isa = PBXFileReference; lastKnownFileType = sourcecode.c.objc; path = main.m; sourceTree = "<group>"; };
		B6D42F6A153EC2A300485FFD /* GitExtensions-Prefix.pch */ = {isa = PBXFileReference; lastKnownFileType = sourcecode.c.h; path = "GitExtensions-Prefix.pch"; sourceTree = "<group>"; };
		B6D42F6C153EC2A300485FFD /* en */ = {isa = PBXFileReference; lastKnownFileType = text.rtf; name = en; path = en.lproj/Credits.rtf; sourceTree = "<group>"; };
		B6D42F6E153EC2A300485FFD /* GEAppDelegate.h */ = {isa = PBXFileReference; lastKnownFileType = sourcecode.c.h; path = GEAppDelegate.h; sourceTree = "<group>"; };
		B6D42F6F153EC2A300485FFD /* GEAppDelegate.m */ = {isa = PBXFileReference; lastKnownFileType = sourcecode.c.objc; path = GEAppDelegate.m; sourceTree = "<group>"; };
		B6D42F72153EC2A300485FFD /* en */ = {isa = PBXFileReference; lastKnownFileType = file.xib; name = en; path = en.lproj/MainMenu.xib; sourceTree = "<group>"; };
		B6D42F7D153EC34A00485FFD /* GEGitRepository.h */ = {isa = PBXFileReference; fileEncoding = 4; lastKnownFileType = sourcecode.c.h; path = GEGitRepository.h; sourceTree = "<group>"; };
		B6D42F7E153EC34A00485FFD /* GEGitRepository.mm */ = {isa = PBXFileReference; fileEncoding = 4; lastKnownFileType = sourcecode.cpp.objcpp; path = GEGitRepository.mm; sourceTree = "<group>"; };
		B6D62145153EF7CB006521B2 /* GECommit.h */ = {isa = PBXFileReference; fileEncoding = 4; lastKnownFileType = sourcecode.c.h; path = GECommit.h; sourceTree = "<group>"; };
		B6D62146153EF7CB006521B2 /* GECommit.m */ = {isa = PBXFileReference; fileEncoding = 4; lastKnownFileType = sourcecode.c.objc; path = GECommit.m; sourceTree = "<group>"; };
		B6D62149153F13E4006521B2 /* Commit.xib */ = {isa = PBXFileReference; fileEncoding = 4; lastKnownFileType = file.xib; path = Commit.xib; sourceTree = "<group>"; };
		B6D6214C153F19D0006521B2 /* refresh.png */ = {isa = PBXFileReference; lastKnownFileType = image.png; path = refresh.png; sourceTree = "<group>"; };
		B6D6214E153F1ACB006521B2 /* open.png */ = {isa = PBXFileReference; lastKnownFileType = image.png; path = open.png; sourceTree = "<group>"; };
		B6D62150153F1C56006521B2 /* commit.png */ = {isa = PBXFileReference; lastKnownFileType = image.png; path = commit.png; sourceTree = "<group>"; };
		B6D62152153F1E77006521B2 /* GECommitController.h */ = {isa = PBXFileReference; fileEncoding = 4; lastKnownFileType = sourcecode.c.h; path = GECommitController.h; sourceTree = "<group>"; };
		B6D62153153F1E77006521B2 /* GECommitController.m */ = {isa = PBXFileReference; fileEncoding = 4; lastKnownFileType = sourcecode.c.objc; path = GECommitController.m; sourceTree = "<group>"; };
		B6D62155153F2AB8006521B2 /* file_status_none.png */ = {isa = PBXFileReference; lastKnownFileType = image.png; path = file_status_none.png; sourceTree = "<group>"; };
		B6D62158153F2AB8006521B2 /* file_status_deleted.png */ = {isa = PBXFileReference; lastKnownFileType = image.png; path = file_status_deleted.png; sourceTree = "<group>"; };
		B6D62159153F2AB8006521B2 /* file_status_added.png */ = {isa = PBXFileReference; lastKnownFileType = image.png; path = file_status_added.png; sourceTree = "<group>"; };
		B6D7C4D91587264B00EE5A14 /* bugfix.png */ = {isa = PBXFileReference; lastKnownFileType = image.png; path = bugfix.png; sourceTree = "<group>"; };
		B6D7C4DC158726F200EE5A14 /* GEBugfixController.h */ = {isa = PBXFileReference; fileEncoding = 4; lastKnownFileType = sourcecode.c.h; path = GEBugfixController.h; sourceTree = "<group>"; };
		B6D7C4DD158726F200EE5A14 /* GEBugfixController.m */ = {isa = PBXFileReference; fileEncoding = 4; lastKnownFileType = sourcecode.c.objc; path = GEBugfixController.m; sourceTree = "<group>"; };
		B6D7C4DF158727A300EE5A14 /* Bugfix.xib */ = {isa = PBXFileReference; fileEncoding = 4; lastKnownFileType = file.xib; path = Bugfix.xib; sourceTree = "<group>"; };
		B6FA807E153FF07800F8F67A /* GERepositoryFile.h */ = {isa = PBXFileReference; fileEncoding = 4; lastKnownFileType = sourcecode.c.h; path = GERepositoryFile.h; sourceTree = "<group>"; };
		B6FA807F153FF07800F8F67A /* GERepositoryFile.m */ = {isa = PBXFileReference; fileEncoding = 4; lastKnownFileType = sourcecode.c.objc; path = GERepositoryFile.m; sourceTree = "<group>"; };
		B6FA8081153FF08800F8F67A /* GEObjects.h */ = {isa = PBXFileReference; fileEncoding = 4; lastKnownFileType = sourcecode.c.h; path = GEObjects.h; sourceTree = "<group>"; };
		B6FA80821540013100F8F67A /* file_status_updated_unmerged.png */ = {isa = PBXFileReference; lastKnownFileType = image.png; path = file_status_updated_unmerged.png; sourceTree = "<group>"; };
		B6FA80831540013100F8F67A /* file_status_modified.png */ = {isa = PBXFileReference; lastKnownFileType = image.png; path = file_status_modified.png; sourceTree = "<group>"; };
		B6FA80861540128600F8F67A /* GEBranch.h */ = {isa = PBXFileReference; fileEncoding = 4; lastKnownFileType = sourcecode.c.h; path = GEBranch.h; sourceTree = "<group>"; };
		B6FA80871540128700F8F67A /* GEBranch.mm */ = {isa = PBXFileReference; fileEncoding = 4; lastKnownFileType = sourcecode.cpp.objcpp; path = GEBranch.mm; sourceTree = "<group>"; };
/* End PBXFileReference section */

/* Begin PBXFrameworksBuildPhase section */
		B6D42F55153EC2A300485FFD /* Frameworks */ = {
			isa = PBXFrameworksBuildPhase;
			buildActionMask = 2147483647;
			files = (
				B6D42F5D153EC2A300485FFD /* Cocoa.framework in Frameworks */,
			);
			runOnlyForDeploymentPostprocessing = 0;
		};
/* End PBXFrameworksBuildPhase section */

/* Begin PBXGroup section */
		B6736CAB157E5A5500E7C02F /* common */ = {
			isa = PBXGroup;
			children = (
				B6736CAC157E5A5500E7C02F /* GitRepository.cpp */,
				B6736CAE157E5A5500E7C02F /* GitCommands.cpp */,
				B6736CB3157E5BF800E7C02F /* GitObject.cpp */,
				B6736CB5157E5C0700E7C02F /* GitCommit.cpp */,
				B6736CB7157E5CC500E7C02F /* GitObjects.h */,
				B651D5FB157F8C9C00B85A86 /* GitBranch.cpp */,
				B651D5FE157F8CA700B85A86 /* GitFile.cpp */,
			);
			name = common;
			path = ../common;
			sourceTree = "<group>";
		};
		B6BF1EFD1551194800AB50E6 /* Cocoa+GitExtensions */ = {
			isa = PBXGroup;
			children = (
				B6BF1EFF1551196400AB50E6 /* Cocoa+GitExtensions.h */,
				B6BF1F001551198600AB50E6 /* NSUserDefaults+GitExtensions.h */,
				B6BF1F011551198600AB50E6 /* NSUserDefaults+GitExtensions.m */,
				B604E78F15863BB200F9CA64 /* NSArray+GitExtensions.h */,
				B604E79015863BB200F9CA64 /* NSArray+GitExtensions.m */,
			);
			name = "Cocoa+GitExtensions";
			sourceTree = "<group>";
		};
		B6D42F4D153EC2A300485FFD = {
			isa = PBXGroup;
			children = (
				B6D7C4DF158727A300EE5A14 /* Bugfix.xib */,
				B6D7C4DC158726F200EE5A14 /* GEBugfixController.h */,
				B6D7C4DD158726F200EE5A14 /* GEBugfixController.m */,
				B6736CAB157E5A5500E7C02F /* common */,
				B6D42F62153EC2A300485FFD /* GitExtensions */,
				B6D42F5B153EC2A300485FFD /* Frameworks */,
				B6D42F59153EC2A300485FFD /* Products */,
			);
			sourceTree = "<group>";
		};
		B6D42F59153EC2A300485FFD /* Products */ = {
			isa = PBXGroup;
			children = (
				B6D42F58153EC2A300485FFD /* GitExtensions.app */,
			);
			name = Products;
			sourceTree = "<group>";
		};
		B6D42F5B153EC2A300485FFD /* Frameworks */ = {
			isa = PBXGroup;
			children = (
				B6D42F5C153EC2A300485FFD /* Cocoa.framework */,
				B6D42F5E153EC2A300485FFD /* Other Frameworks */,
			);
			name = Frameworks;
			sourceTree = "<group>";
		};
		B6D42F5E153EC2A300485FFD /* Other Frameworks */ = {
			isa = PBXGroup;
			children = (
				B6D42F5F153EC2A300485FFD /* AppKit.framework */,
				B6D42F60153EC2A300485FFD /* CoreData.framework */,
				B6D42F61153EC2A300485FFD /* Foundation.framework */,
			);
			name = "Other Frameworks";
			sourceTree = "<group>";
		};
		B6D42F62153EC2A300485FFD /* GitExtensions */ = {
			isa = PBXGroup;
			children = (
				B6BF1EFD1551194800AB50E6 /* Cocoa+GitExtensions */,
				B6FA807C153FF01F00F8F67A /* GitObjects */,
				B6D6214B153F19D0006521B2 /* Images */,
				B6D42F6E153EC2A300485FFD /* GEAppDelegate.h */,
				B6D42F6F153EC2A300485FFD /* GEAppDelegate.m */,
				B6D42F63153EC2A300485FFD /* Supporting Files */,
				B6D42F71153EC2A300485FFD /* MainMenu.xib */,
				B669586815419B260010B6E6 /* GEMainWindowController.h */,
				B669586915419B260010B6E6 /* GEMainWindowController.mm */,
				B6D62149153F13E4006521B2 /* Commit.xib */,
				B6D62152153F1E77006521B2 /* GECommitController.h */,
				B6D62153153F1E77006521B2 /* GECommitController.m */,
				B669586F1541AEAE0010B6E6 /* OperationResult.xib */,
				B669586C1541AE810010B6E6 /* GEOperationResultController.h */,
				B669586D1541AE820010B6E6 /* GEOperationResultController.m */,
			);
			path = GitExtensions;
			sourceTree = "<group>";
		};
		B6D42F63153EC2A300485FFD /* Supporting Files */ = {
			isa = PBXGroup;
			children = (
				B6D42F64153EC2A300485FFD /* GitExtensions-Info.plist */,
				B6D42F65153EC2A300485FFD /* InfoPlist.strings */,
				B6D42F68153EC2A300485FFD /* main.m */,
				B6D42F6A153EC2A300485FFD /* GitExtensions-Prefix.pch */,
				B6D42F6B153EC2A300485FFD /* Credits.rtf */,
			);
			name = "Supporting Files";
			sourceTree = "<group>";
		};
		B6D6214B153F19D0006521B2 /* Images */ = {
			isa = PBXGroup;
			children = (
				B6D7C4D91587264B00EE5A14 /* bugfix.png */,
				B6FA80821540013100F8F67A /* file_status_updated_unmerged.png */,
				B6FA80831540013100F8F67A /* file_status_modified.png */,
				B6D62155153F2AB8006521B2 /* file_status_none.png */,
				B6D62158153F2AB8006521B2 /* file_status_deleted.png */,
				B6D62159153F2AB8006521B2 /* file_status_added.png */,
				B6D62150153F1C56006521B2 /* commit.png */,
				B6D6214E153F1ACB006521B2 /* open.png */,
				B6D6214C153F19D0006521B2 /* refresh.png */,
			);
			path = Images;
			sourceTree = "<group>";
		};
		B6FA807C153FF01F00F8F67A /* GitObjects */ = {
			isa = PBXGroup;
			children = (
				B6D42F7D153EC34A00485FFD /* GEGitRepository.h */,
				B6D42F7E153EC34A00485FFD /* GEGitRepository.mm */,
				B6D62145153EF7CB006521B2 /* GECommit.h */,
				B6D62146153EF7CB006521B2 /* GECommit.m */,
				B6FA807E153FF07800F8F67A /* GERepositoryFile.h */,
				B6FA807F153FF07800F8F67A /* GERepositoryFile.m */,
				B6FA8081153FF08800F8F67A /* GEObjects.h */,
				B6FA80861540128600F8F67A /* GEBranch.h */,
				B6FA80871540128700F8F67A /* GEBranch.mm */,
			);
			name = GitObjects;
			sourceTree = "<group>";
		};
/* End PBXGroup section */

/* Begin PBXNativeTarget section */
		B6D42F57153EC2A300485FFD /* GitExtensions */ = {
			isa = PBXNativeTarget;
			buildConfigurationList = B6D42F76153EC2A300485FFD /* Build configuration list for PBXNativeTarget "GitExtensions" */;
			buildPhases = (
				B6D42F54153EC2A300485FFD /* Sources */,
				B6D42F55153EC2A300485FFD /* Frameworks */,
				B6D42F56153EC2A300485FFD /* Resources */,
			);
			buildRules = (
			);
			dependencies = (
			);
			name = GitExtensions;
			productName = GitExtensions;
			productReference = B6D42F58153EC2A300485FFD /* GitExtensions.app */;
			productType = "com.apple.product-type.application";
		};
/* End PBXNativeTarget section */

/* Begin PBXProject section */
		B6D42F4F153EC2A300485FFD /* Project object */ = {
			isa = PBXProject;
			attributes = {
				LastUpgradeCheck = 0420;
			};
			buildConfigurationList = B6D42F52153EC2A300485FFD /* Build configuration list for PBXProject "GitExtensions" */;
			compatibilityVersion = "Xcode 3.2";
			developmentRegion = English;
			hasScannedForEncodings = 0;
			knownRegions = (
				en,
			);
			mainGroup = B6D42F4D153EC2A300485FFD;
			productRefGroup = B6D42F59153EC2A300485FFD /* Products */;
			projectDirPath = "";
			projectRoot = "";
			targets = (
				B6D42F57153EC2A300485FFD /* GitExtensions */,
			);
		};
/* End PBXProject section */

/* Begin PBXResourcesBuildPhase section */
		B6D42F56153EC2A300485FFD /* Resources */ = {
			isa = PBXResourcesBuildPhase;
			buildActionMask = 2147483647;
			files = (
				B6D42F67153EC2A300485FFD /* InfoPlist.strings in Resources */,
				B6D42F6D153EC2A300485FFD /* Credits.rtf in Resources */,
				B6D42F73153EC2A300485FFD /* MainMenu.xib in Resources */,
				B6D6214A153F13E4006521B2 /* Commit.xib in Resources */,
				B6D6214D153F19D0006521B2 /* refresh.png in Resources */,
				B6D6214F153F1ACB006521B2 /* open.png in Resources */,
				B6D62151153F1C56006521B2 /* commit.png in Resources */,
				B6D6215A153F2AB8006521B2 /* file_status_none.png in Resources */,
				B6D6215D153F2AB8006521B2 /* file_status_deleted.png in Resources */,
				B6D6215E153F2AB8006521B2 /* file_status_added.png in Resources */,
				B6FA80841540013100F8F67A /* file_status_updated_unmerged.png in Resources */,
				B6FA80851540013100F8F67A /* file_status_modified.png in Resources */,
				B66958701541AEAE0010B6E6 /* OperationResult.xib in Resources */,
				B6D7C4DA1587264B00EE5A14 /* bugfix.png in Resources */,
				B6D7C4E0158727A300EE5A14 /* Bugfix.xib in Resources */,
			);
			runOnlyForDeploymentPostprocessing = 0;
		};
/* End PBXResourcesBuildPhase section */

/* Begin PBXSourcesBuildPhase section */
		B6D42F54153EC2A300485FFD /* Sources */ = {
			isa = PBXSourcesBuildPhase;
			buildActionMask = 2147483647;
			files = (
				B6D42F69153EC2A300485FFD /* main.m in Sources */,
				B6D42F70153EC2A300485FFD /* GEAppDelegate.m in Sources */,
				B6D42F7F153EC34A00485FFD /* GEGitRepository.mm in Sources */,
				B6D62147153EF7CB006521B2 /* GECommit.m in Sources */,
				B6D62154153F1E77006521B2 /* GECommitController.m in Sources */,
				B6FA8080153FF07800F8F67A /* GERepositoryFile.m in Sources */,
				B6FA80881540128700F8F67A /* GEBranch.mm in Sources */,
				B669586A15419B260010B6E6 /* GEMainWindowController.mm in Sources */,
				B669586E1541AE820010B6E6 /* GEOperationResultController.m in Sources */,
				B6BF1F021551198600AB50E6 /* NSUserDefaults+GitExtensions.m in Sources */,
				B6736CB0157E5A5500E7C02F /* GitRepository.cpp in Sources */,
				B6736CB1157E5A5500E7C02F /* GitCommands.cpp in Sources */,
				B6736CB4157E5BF900E7C02F /* GitObject.cpp in Sources */,
				B6736CB6157E5C0700E7C02F /* GitCommit.cpp in Sources */,
				B651D5FC157F8C9C00B85A86 /* GitBranch.cpp in Sources */,
				B651D5FF157F8CA700B85A86 /* GitFile.cpp in Sources */,
				B604E79115863BB200F9CA64 /* NSArray+GitExtensions.m in Sources */,
				B6D7C4DE158726F200EE5A14 /* GEBugfixController.m in Sources */,
			);
			runOnlyForDeploymentPostprocessing = 0;
		};
/* End PBXSourcesBuildPhase section */

/* Begin PBXVariantGroup section */
		B6D42F65153EC2A300485FFD /* InfoPlist.strings */ = {
			isa = PBXVariantGroup;
			children = (
				B6D42F66153EC2A300485FFD /* en */,
			);
			name = InfoPlist.strings;
			sourceTree = "<group>";
		};
		B6D42F6B153EC2A300485FFD /* Credits.rtf */ = {
			isa = PBXVariantGroup;
			children = (
				B6D42F6C153EC2A300485FFD /* en */,
			);
			name = Credits.rtf;
			sourceTree = "<group>";
		};
		B6D42F71153EC2A300485FFD /* MainMenu.xib */ = {
			isa = PBXVariantGroup;
			children = (
				B6D42F72153EC2A300485FFD /* en */,
			);
			name = MainMenu.xib;
			sourceTree = "<group>";
		};
/* End PBXVariantGroup section */

/* Begin XCBuildConfiguration section */
		B6D42F74153EC2A300485FFD /* Debug */ = {
			isa = XCBuildConfiguration;
			buildSettings = {
				ALWAYS_SEARCH_USER_PATHS = NO;
				ARCHS = "$(ARCHS_STANDARD_64_BIT)";
				COPY_PHASE_STRIP = NO;
				GCC_C_LANGUAGE_STANDARD = gnu99;
				GCC_DYNAMIC_NO_PIC = NO;
				GCC_ENABLE_OBJC_EXCEPTIONS = YES;
				GCC_OPTIMIZATION_LEVEL = 0;
				GCC_PREPROCESSOR_DEFINITIONS = (
					"DEBUG=1",
					"$(inherited)",
				);
				GCC_SYMBOLS_PRIVATE_EXTERN = NO;
				GCC_VERSION = com.apple.compilers.llvm.clang.1_0;
				GCC_WARN_64_TO_32_BIT_CONVERSION = YES;
				GCC_WARN_ABOUT_MISSING_PROTOTYPES = YES;
				GCC_WARN_ABOUT_RETURN_TYPE = YES;
				GCC_WARN_UNUSED_VARIABLE = YES;
				MACOSX_DEPLOYMENT_TARGET = 10.6;
				ONLY_ACTIVE_ARCH = YES;
				SDKROOT = macosx;
			};
			name = Debug;
		};
		B6D42F75153EC2A300485FFD /* Release */ = {
			isa = XCBuildConfiguration;
			buildSettings = {
				ALWAYS_SEARCH_USER_PATHS = NO;
				ARCHS = "$(ARCHS_STANDARD_64_BIT)";
				COPY_PHASE_STRIP = YES;
				DEBUG_INFORMATION_FORMAT = "dwarf-with-dsym";
				GCC_C_LANGUAGE_STANDARD = gnu99;
				GCC_ENABLE_OBJC_EXCEPTIONS = YES;
				GCC_VERSION = com.apple.compilers.llvm.clang.1_0;
				GCC_WARN_64_TO_32_BIT_CONVERSION = YES;
				GCC_WARN_ABOUT_MISSING_PROTOTYPES = YES;
				GCC_WARN_ABOUT_RETURN_TYPE = YES;
				GCC_WARN_UNUSED_VARIABLE = YES;
				MACOSX_DEPLOYMENT_TARGET = 10.6;
				SDKROOT = macosx;
			};
			name = Release;
		};
		B6D42F77153EC2A300485FFD /* Debug */ = {
			isa = XCBuildConfiguration;
			buildSettings = {
				GCC_PRECOMPILE_PREFIX_HEADER = YES;
				GCC_PREFIX_HEADER = "GitExtensions/GitExtensions-Prefix.pch";
				INFOPLIST_FILE = "GitExtensions/GitExtensions-Info.plist";
				PRODUCT_NAME = "$(TARGET_NAME)";
				WRAPPER_EXTENSION = app;
			};
			name = Debug;
		};
		B6D42F78153EC2A300485FFD /* Release */ = {
			isa = XCBuildConfiguration;
			buildSettings = {
				GCC_PRECOMPILE_PREFIX_HEADER = YES;
				GCC_PREFIX_HEADER = "GitExtensions/GitExtensions-Prefix.pch";
				INFOPLIST_FILE = "GitExtensions/GitExtensions-Info.plist";
				PRODUCT_NAME = "$(TARGET_NAME)";
				WRAPPER_EXTENSION = app;
			};
			name = Release;
		};
/* End XCBuildConfiguration section */

/* Begin XCConfigurationList section */
		B6D42F52153EC2A300485FFD /* Build configuration list for PBXProject "GitExtensions" */ = {
			isa = XCConfigurationList;
			buildConfigurations = (
				B6D42F74153EC2A300485FFD /* Debug */,
				B6D42F75153EC2A300485FFD /* Release */,
			);
			defaultConfigurationIsVisible = 0;
			defaultConfigurationName = Release;
		};
		B6D42F76153EC2A300485FFD /* Build configuration list for PBXNativeTarget "GitExtensions" */ = {
			isa = XCConfigurationList;
			buildConfigurations = (
				B6D42F77153EC2A300485FFD /* Debug */,
				B6D42F78153EC2A300485FFD /* Release */,
			);
			defaultConfigurationIsVisible = 0;
			defaultConfigurationName = Release;
		};
/* End XCConfigurationList section */
	};
	rootObject = B6D42F4F153EC2A300485FFD /* Project object */;
}
