// !$*UTF8*$!
{
	archiveVersion = 1;
	classes = {
	};
	objectVersion = 46;
	objects = {

/* Begin PBXBuildFile section */
		B6183A1D14480B9100EC144E /* GENode.m in Sources */ = {isa = PBXBuildFile; fileRef = B6183A1C14480B9100EC144E /* GENode.m */; };
		B6183A20144811A700EC144E /* GEJunction.m in Sources */ = {isa = PBXBuildFile; fileRef = B6183A1F144811A700EC144E /* GEJunction.m */; };
		B6183A23144811D600EC144E /* GELanes.m in Sources */ = {isa = PBXBuildFile; fileRef = B6183A22144811D600EC144E /* GELanes.m */; };
		B6183A261448120200EC144E /* GEGraph.m in Sources */ = {isa = PBXBuildFile; fileRef = B6183A251448120200EC144E /* GEGraph.m */; };
		B64E6CC11447260D003F03A8 /* RevisionsView.xib in Resources */ = {isa = PBXBuildFile; fileRef = B64E6CC01447260D003F03A8 /* RevisionsView.xib */; };
		B6E7DBA5144723D900D48DE9 /* Cocoa.framework in Frameworks */ = {isa = PBXBuildFile; fileRef = B6E7DBA4144723D900D48DE9 /* Cocoa.framework */; };
		B6E7DBAF144723D900D48DE9 /* InfoPlist.strings in Resources */ = {isa = PBXBuildFile; fileRef = B6E7DBAD144723D900D48DE9 /* InfoPlist.strings */; };
		B6E7DBB2144723D900D48DE9 /* main.m in Sources */ = {isa = PBXBuildFile; fileRef = B6E7DBB1144723D900D48DE9 /* main.m */; };
		B6E7DBB5144723D900D48DE9 /* Credits.rtf in Resources */ = {isa = PBXBuildFile; fileRef = B6E7DBB3144723D900D48DE9 /* Credits.rtf */; };
		B6E7DBB8144723D900D48DE9 /* GEAppDelegate.m in Sources */ = {isa = PBXBuildFile; fileRef = B6E7DBB7144723D900D48DE9 /* GEAppDelegate.m */; };
		B6E7DBBB144723DA00D48DE9 /* MainMenu.xib in Resources */ = {isa = PBXBuildFile; fileRef = B6E7DBB9144723DA00D48DE9 /* MainMenu.xib */; };
		B6E8243214472CEA0095945F /* GEDvcsGraphView.m in Sources */ = {isa = PBXBuildFile; fileRef = B6E8243114472CEA0095945F /* GEDvcsGraphView.m */; };
		B6E8243614472D510095945F /* GEView.m in Sources */ = {isa = PBXBuildFile; fileRef = B6E8243514472D510095945F /* GEView.m */; };
		B6E8243914472D670095945F /* GERevisionsView.m in Sources */ = {isa = PBXBuildFile; fileRef = B6E8243814472D670095945F /* GERevisionsView.m */; };
		B6E8243D144732C40095945F /* GERevisionsViewController.m in Sources */ = {isa = PBXBuildFile; fileRef = B6E8243B144732C40095945F /* GERevisionsViewController.m */; };
		B6E824411447353A0095945F /* loadingpanel.gif in Resources */ = {isa = PBXBuildFile; fileRef = B6E824431447353A0095945F /* loadingpanel.gif */; };
		B6E82446144736000095945F /* GEMainWindowController.m in Sources */ = {isa = PBXBuildFile; fileRef = B6E82445144736000095945F /* GEMainWindowController.m */; };
		B6E8244914473AA50095945F /* GEImageView.m in Sources */ = {isa = PBXBuildFile; fileRef = B6E8244814473AA50095945F /* GEImageView.m */; };
/* End PBXBuildFile section */

/* Begin PBXFileReference section */
		B6183A1C14480B9100EC144E /* GENode.m */ = {isa = PBXFileReference; fileEncoding = 4; lastKnownFileType = sourcecode.c.objc; path = GENode.m; sourceTree = "<group>"; };
		B6183A1F144811A700EC144E /* GEJunction.m */ = {isa = PBXFileReference; fileEncoding = 4; lastKnownFileType = sourcecode.c.objc; path = GEJunction.m; sourceTree = "<group>"; };
		B6183A22144811D600EC144E /* GELanes.m */ = {isa = PBXFileReference; fileEncoding = 4; lastKnownFileType = sourcecode.c.objc; path = GELanes.m; sourceTree = "<group>"; };
		B6183A241448120200EC144E /* GEGraph.h */ = {isa = PBXFileReference; fileEncoding = 4; lastKnownFileType = sourcecode.c.h; path = GEGraph.h; sourceTree = "<group>"; };
		B6183A251448120200EC144E /* GEGraph.m */ = {isa = PBXFileReference; fileEncoding = 4; lastKnownFileType = sourcecode.c.objc; path = GEGraph.m; sourceTree = "<group>"; };
		B64E6CC01447260D003F03A8 /* RevisionsView.xib */ = {isa = PBXFileReference; fileEncoding = 4; lastKnownFileType = file.xib; path = RevisionsView.xib; sourceTree = "<group>"; };
		B6E7DBA0144723D900D48DE9 /* GitExtensions.app */ = {isa = PBXFileReference; explicitFileType = wrapper.application; includeInIndex = 0; path = GitExtensions.app; sourceTree = BUILT_PRODUCTS_DIR; };
		B6E7DBA4144723D900D48DE9 /* Cocoa.framework */ = {isa = PBXFileReference; lastKnownFileType = wrapper.framework; name = Cocoa.framework; path = System/Library/Frameworks/Cocoa.framework; sourceTree = SDKROOT; };
		B6E7DBA7144723D900D48DE9 /* AppKit.framework */ = {isa = PBXFileReference; lastKnownFileType = wrapper.framework; name = AppKit.framework; path = System/Library/Frameworks/AppKit.framework; sourceTree = SDKROOT; };
		B6E7DBA8144723D900D48DE9 /* CoreData.framework */ = {isa = PBXFileReference; lastKnownFileType = wrapper.framework; name = CoreData.framework; path = System/Library/Frameworks/CoreData.framework; sourceTree = SDKROOT; };
		B6E7DBA9144723D900D48DE9 /* Foundation.framework */ = {isa = PBXFileReference; lastKnownFileType = wrapper.framework; name = Foundation.framework; path = System/Library/Frameworks/Foundation.framework; sourceTree = SDKROOT; };
		B6E7DBAC144723D900D48DE9 /* GitExtensions-Info.plist */ = {isa = PBXFileReference; lastKnownFileType = text.plist.xml; path = "GitExtensions-Info.plist"; sourceTree = "<group>"; };
		B6E7DBAE144723D900D48DE9 /* en */ = {isa = PBXFileReference; lastKnownFileType = text.plist.strings; name = en; path = en.lproj/InfoPlist.strings; sourceTree = "<group>"; };
		B6E7DBB0144723D900D48DE9 /* GitExtensions-Prefix.pch */ = {isa = PBXFileReference; lastKnownFileType = sourcecode.c.h; path = "GitExtensions-Prefix.pch"; sourceTree = "<group>"; };
		B6E7DBB1144723D900D48DE9 /* main.m */ = {isa = PBXFileReference; lastKnownFileType = sourcecode.c.objc; path = main.m; sourceTree = "<group>"; };
		B6E7DBB4144723D900D48DE9 /* en */ = {isa = PBXFileReference; lastKnownFileType = text.rtf; name = en; path = en.lproj/Credits.rtf; sourceTree = "<group>"; };
		B6E7DBB6144723D900D48DE9 /* GEAppDelegate.h */ = {isa = PBXFileReference; lastKnownFileType = sourcecode.c.h; path = GEAppDelegate.h; sourceTree = "<group>"; };
		B6E7DBB7144723D900D48DE9 /* GEAppDelegate.m */ = {isa = PBXFileReference; lastKnownFileType = sourcecode.c.objc; path = GEAppDelegate.m; sourceTree = "<group>"; };
		B6E7DBBA144723DA00D48DE9 /* en */ = {isa = PBXFileReference; lastKnownFileType = file.xib; name = en; path = en.lproj/MainMenu.xib; sourceTree = "<group>"; };
		B6E8243014472CEA0095945F /* GEDvcsGraphView.h */ = {isa = PBXFileReference; fileEncoding = 4; lastKnownFileType = sourcecode.c.h; path = GEDvcsGraphView.h; sourceTree = "<group>"; };
		B6E8243114472CEA0095945F /* GEDvcsGraphView.m */ = {isa = PBXFileReference; fileEncoding = 4; lastKnownFileType = sourcecode.c.objc; path = GEDvcsGraphView.m; sourceTree = "<group>"; };
		B6E8243414472D510095945F /* GEView.h */ = {isa = PBXFileReference; fileEncoding = 4; lastKnownFileType = sourcecode.c.h; path = GEView.h; sourceTree = "<group>"; };
		B6E8243514472D510095945F /* GEView.m */ = {isa = PBXFileReference; fileEncoding = 4; lastKnownFileType = sourcecode.c.objc; path = GEView.m; sourceTree = "<group>"; };
		B6E8243714472D670095945F /* GERevisionsView.h */ = {isa = PBXFileReference; fileEncoding = 4; lastKnownFileType = sourcecode.c.h; path = GERevisionsView.h; sourceTree = "<group>"; };
		B6E8243814472D670095945F /* GERevisionsView.m */ = {isa = PBXFileReference; fileEncoding = 4; lastKnownFileType = sourcecode.c.objc; path = GERevisionsView.m; sourceTree = "<group>"; };
		B6E8243A144732C40095945F /* GERevisionsViewController.h */ = {isa = PBXFileReference; fileEncoding = 4; lastKnownFileType = sourcecode.c.h; path = GERevisionsViewController.h; sourceTree = "<group>"; };
		B6E8243B144732C40095945F /* GERevisionsViewController.m */ = {isa = PBXFileReference; fileEncoding = 4; lastKnownFileType = sourcecode.c.objc; path = GERevisionsViewController.m; sourceTree = "<group>"; };
		B6E824421447353A0095945F /* en */ = {isa = PBXFileReference; lastKnownFileType = image.gif; name = en; path = en.lproj/loadingpanel.gif; sourceTree = "<group>"; };
		B6E82444144735FF0095945F /* GEMainWindowController.h */ = {isa = PBXFileReference; fileEncoding = 4; lastKnownFileType = sourcecode.c.h; path = GEMainWindowController.h; sourceTree = "<group>"; };
		B6E82445144736000095945F /* GEMainWindowController.m */ = {isa = PBXFileReference; fileEncoding = 4; lastKnownFileType = sourcecode.c.objc; path = GEMainWindowController.m; sourceTree = "<group>"; };
		B6E8244714473AA50095945F /* GEImageView.h */ = {isa = PBXFileReference; fileEncoding = 4; lastKnownFileType = sourcecode.c.h; path = GEImageView.h; sourceTree = "<group>"; };
		B6E8244814473AA50095945F /* GEImageView.m */ = {isa = PBXFileReference; fileEncoding = 4; lastKnownFileType = sourcecode.c.objc; path = GEImageView.m; sourceTree = "<group>"; };
/* End PBXFileReference section */

/* Begin PBXFrameworksBuildPhase section */
		B6E7DB9D144723D900D48DE9 /* Frameworks */ = {
			isa = PBXFrameworksBuildPhase;
			buildActionMask = 2147483647;
			files = (
				B6E7DBA5144723D900D48DE9 /* Cocoa.framework in Frameworks */,
			);
			runOnlyForDeploymentPostprocessing = 0;
		};
/* End PBXFrameworksBuildPhase section */

/* Begin PBXGroup section */
		B6183A1A14480B7300EC144E /* DcvsGraph */ = {
			isa = PBXGroup;
			children = (
				B6E8243014472CEA0095945F /* GEDvcsGraphView.h */,
				B6E8243114472CEA0095945F /* GEDvcsGraphView.m */,
				B6183A241448120200EC144E /* GEGraph.h */,
				B6183A1C14480B9100EC144E /* GENode.m */,
				B6183A1F144811A700EC144E /* GEJunction.m */,
				B6183A22144811D600EC144E /* GELanes.m */,
				B6183A251448120200EC144E /* GEGraph.m */,
			);
			name = DcvsGraph;
			sourceTree = "<group>";
		};
		B6E7DB95144723D900D48DE9 = {
			isa = PBXGroup;
			children = (
				B6E7DBAA144723D900D48DE9 /* GitExtensions */,
				B6E7DBA3144723D900D48DE9 /* Frameworks */,
				B6E7DBA1144723D900D48DE9 /* Products */,
			);
			sourceTree = "<group>";
		};
		B6E7DBA1144723D900D48DE9 /* Products */ = {
			isa = PBXGroup;
			children = (
				B6E7DBA0144723D900D48DE9 /* GitExtensions.app */,
			);
			name = Products;
			sourceTree = "<group>";
		};
		B6E7DBA3144723D900D48DE9 /* Frameworks */ = {
			isa = PBXGroup;
			children = (
				B6E7DBA4144723D900D48DE9 /* Cocoa.framework */,
				B6E7DBA6144723D900D48DE9 /* Other Frameworks */,
			);
			name = Frameworks;
			sourceTree = "<group>";
		};
		B6E7DBA6144723D900D48DE9 /* Other Frameworks */ = {
			isa = PBXGroup;
			children = (
				B6E7DBA7144723D900D48DE9 /* AppKit.framework */,
				B6E7DBA8144723D900D48DE9 /* CoreData.framework */,
				B6E7DBA9144723D900D48DE9 /* Foundation.framework */,
			);
			name = "Other Frameworks";
			sourceTree = "<group>";
		};
		B6E7DBAA144723D900D48DE9 /* GitExtensions */ = {
			isa = PBXGroup;
			children = (
				B6E7DBB6144723D900D48DE9 /* GEAppDelegate.h */,
				B6E7DBB7144723D900D48DE9 /* GEAppDelegate.m */,
				B6E7DBB9144723DA00D48DE9 /* MainMenu.xib */,
				B6E7DBAB144723D900D48DE9 /* Supporting Files */,
				B6183A1A14480B7300EC144E /* DcvsGraph */,
				B6E8243414472D510095945F /* GEView.h */,
				B6E8243514472D510095945F /* GEView.m */,
				B6E8243714472D670095945F /* GERevisionsView.h */,
				B6E8243814472D670095945F /* GERevisionsView.m */,
				B64E6CC01447260D003F03A8 /* RevisionsView.xib */,
				B6E824431447353A0095945F /* loadingpanel.gif */,
				B6E8243A144732C40095945F /* GERevisionsViewController.h */,
				B6E8243B144732C40095945F /* GERevisionsViewController.m */,
				B6E82444144735FF0095945F /* GEMainWindowController.h */,
				B6E82445144736000095945F /* GEMainWindowController.m */,
				B6E8244714473AA50095945F /* GEImageView.h */,
				B6E8244814473AA50095945F /* GEImageView.m */,
			);
			path = GitExtensions;
			sourceTree = "<group>";
		};
		B6E7DBAB144723D900D48DE9 /* Supporting Files */ = {
			isa = PBXGroup;
			children = (
				B6E7DBAC144723D900D48DE9 /* GitExtensions-Info.plist */,
				B6E7DBAD144723D900D48DE9 /* InfoPlist.strings */,
				B6E7DBB0144723D900D48DE9 /* GitExtensions-Prefix.pch */,
				B6E7DBB1144723D900D48DE9 /* main.m */,
				B6E7DBB3144723D900D48DE9 /* Credits.rtf */,
			);
			name = "Supporting Files";
			sourceTree = "<group>";
		};
/* End PBXGroup section */

/* Begin PBXNativeTarget section */
		B6E7DB9F144723D900D48DE9 /* GitExtensions */ = {
			isa = PBXNativeTarget;
			buildConfigurationList = B6E7DBBE144723DA00D48DE9 /* Build configuration list for PBXNativeTarget "GitExtensions" */;
			buildPhases = (
				B6E7DB9C144723D900D48DE9 /* Sources */,
				B6E7DB9D144723D900D48DE9 /* Frameworks */,
				B6E7DB9E144723D900D48DE9 /* Resources */,
			);
			buildRules = (
			);
			dependencies = (
			);
			name = GitExtensions;
			productName = GitExtensions;
			productReference = B6E7DBA0144723D900D48DE9 /* GitExtensions.app */;
			productType = "com.apple.product-type.application";
		};
/* End PBXNativeTarget section */

/* Begin PBXProject section */
		B6E7DB97144723D900D48DE9 /* Project object */ = {
			isa = PBXProject;
			buildConfigurationList = B6E7DB9A144723D900D48DE9 /* Build configuration list for PBXProject "GitExtensions" */;
			compatibilityVersion = "Xcode 3.2";
			developmentRegion = English;
			hasScannedForEncodings = 0;
			knownRegions = (
				en,
			);
			mainGroup = B6E7DB95144723D900D48DE9;
			productRefGroup = B6E7DBA1144723D900D48DE9 /* Products */;
			projectDirPath = "";
			projectRoot = "";
			targets = (
				B6E7DB9F144723D900D48DE9 /* GitExtensions */,
			);
		};
/* End PBXProject section */

/* Begin PBXResourcesBuildPhase section */
		B6E7DB9E144723D900D48DE9 /* Resources */ = {
			isa = PBXResourcesBuildPhase;
			buildActionMask = 2147483647;
			files = (
				B6E7DBAF144723D900D48DE9 /* InfoPlist.strings in Resources */,
				B6E7DBB5144723D900D48DE9 /* Credits.rtf in Resources */,
				B6E7DBBB144723DA00D48DE9 /* MainMenu.xib in Resources */,
				B64E6CC11447260D003F03A8 /* RevisionsView.xib in Resources */,
				B6E824411447353A0095945F /* loadingpanel.gif in Resources */,
			);
			runOnlyForDeploymentPostprocessing = 0;
		};
/* End PBXResourcesBuildPhase section */

/* Begin PBXSourcesBuildPhase section */
		B6E7DB9C144723D900D48DE9 /* Sources */ = {
			isa = PBXSourcesBuildPhase;
			buildActionMask = 2147483647;
			files = (
				B6E7DBB2144723D900D48DE9 /* main.m in Sources */,
				B6E7DBB8144723D900D48DE9 /* GEAppDelegate.m in Sources */,
				B6E8243214472CEA0095945F /* GEDvcsGraphView.m in Sources */,
				B6E8243614472D510095945F /* GEView.m in Sources */,
				B6E8243914472D670095945F /* GERevisionsView.m in Sources */,
				B6E8243D144732C40095945F /* GERevisionsViewController.m in Sources */,
				B6E82446144736000095945F /* GEMainWindowController.m in Sources */,
				B6E8244914473AA50095945F /* GEImageView.m in Sources */,
				B6183A1D14480B9100EC144E /* GENode.m in Sources */,
				B6183A20144811A700EC144E /* GEJunction.m in Sources */,
				B6183A23144811D600EC144E /* GELanes.m in Sources */,
				B6183A261448120200EC144E /* GEGraph.m in Sources */,
			);
			runOnlyForDeploymentPostprocessing = 0;
		};
/* End PBXSourcesBuildPhase section */

/* Begin PBXVariantGroup section */
		B6E7DBAD144723D900D48DE9 /* InfoPlist.strings */ = {
			isa = PBXVariantGroup;
			children = (
				B6E7DBAE144723D900D48DE9 /* en */,
			);
			name = InfoPlist.strings;
			sourceTree = "<group>";
		};
		B6E7DBB3144723D900D48DE9 /* Credits.rtf */ = {
			isa = PBXVariantGroup;
			children = (
				B6E7DBB4144723D900D48DE9 /* en */,
			);
			name = Credits.rtf;
			sourceTree = "<group>";
		};
		B6E7DBB9144723DA00D48DE9 /* MainMenu.xib */ = {
			isa = PBXVariantGroup;
			children = (
				B6E7DBBA144723DA00D48DE9 /* en */,
			);
			name = MainMenu.xib;
			sourceTree = "<group>";
		};
		B6E824431447353A0095945F /* loadingpanel.gif */ = {
			isa = PBXVariantGroup;
			children = (
				B6E824421447353A0095945F /* en */,
			);
			name = loadingpanel.gif;
			sourceTree = "<group>";
		};
/* End PBXVariantGroup section */

/* Begin XCBuildConfiguration section */
		B6E7DBBC144723DA00D48DE9 /* Debug */ = {
			isa = XCBuildConfiguration;
			buildSettings = {
				ARCHS = "$(ARCHS_STANDARD_32_64_BIT)";
				GCC_C_LANGUAGE_STANDARD = gnu99;
				GCC_OPTIMIZATION_LEVEL = 0;
				GCC_PREPROCESSOR_DEFINITIONS = DEBUG;
				GCC_SYMBOLS_PRIVATE_EXTERN = NO;
				GCC_VERSION = com.apple.compilers.llvm.clang.1_0;
				GCC_WARN_64_TO_32_BIT_CONVERSION = YES;
				GCC_WARN_ABOUT_RETURN_TYPE = YES;
				GCC_WARN_UNUSED_VARIABLE = YES;
				MACOSX_DEPLOYMENT_TARGET = 10.6;
				ONLY_ACTIVE_ARCH = YES;
				SDKROOT = macosx;
			};
			name = Debug;
		};
		B6E7DBBD144723DA00D48DE9 /* Release */ = {
			isa = XCBuildConfiguration;
			buildSettings = {
				ARCHS = "$(ARCHS_STANDARD_32_64_BIT)";
				GCC_C_LANGUAGE_STANDARD = gnu99;
				GCC_VERSION = com.apple.compilers.llvm.clang.1_0;
				GCC_WARN_64_TO_32_BIT_CONVERSION = YES;
				GCC_WARN_ABOUT_RETURN_TYPE = YES;
				GCC_WARN_UNUSED_VARIABLE = YES;
				MACOSX_DEPLOYMENT_TARGET = 10.6;
				SDKROOT = macosx;
			};
			name = Release;
		};
		B6E7DBBF144723DA00D48DE9 /* Debug */ = {
			isa = XCBuildConfiguration;
			buildSettings = {
				ALWAYS_SEARCH_USER_PATHS = NO;
				COPY_PHASE_STRIP = NO;
				GCC_DYNAMIC_NO_PIC = NO;
				GCC_ENABLE_OBJC_EXCEPTIONS = YES;
				GCC_PRECOMPILE_PREFIX_HEADER = YES;
				GCC_PREFIX_HEADER = "GitExtensions/GitExtensions-Prefix.pch";
				INFOPLIST_FILE = "GitExtensions/GitExtensions-Info.plist";
				PRODUCT_NAME = "$(TARGET_NAME)";
				WRAPPER_EXTENSION = app;
			};
			name = Debug;
		};
		B6E7DBC0144723DA00D48DE9 /* Release */ = {
			isa = XCBuildConfiguration;
			buildSettings = {
				ALWAYS_SEARCH_USER_PATHS = NO;
				COPY_PHASE_STRIP = YES;
				DEBUG_INFORMATION_FORMAT = "dwarf-with-dsym";
				GCC_ENABLE_OBJC_EXCEPTIONS = YES;
				GCC_PRECOMPILE_PREFIX_HEADER = YES;
				GCC_PREFIX_HEADER = "GitExtensions/GitExtensions-Prefix.pch";
				INFOPLIST_FILE = "GitExtensions/GitExtensions-Info.plist";
				PRODUCT_NAME = "$(TARGET_NAME)";
				WRAPPER_EXTENSION = app;
			};
			name = Release;
		};
/* End XCBuildConfiguration section */

/* Begin XCConfigurationList section */
		B6E7DB9A144723D900D48DE9 /* Build configuration list for PBXProject "GitExtensions" */ = {
			isa = XCConfigurationList;
			buildConfigurations = (
				B6E7DBBC144723DA00D48DE9 /* Debug */,
				B6E7DBBD144723DA00D48DE9 /* Release */,
			);
			defaultConfigurationIsVisible = 0;
			defaultConfigurationName = Release;
		};
		B6E7DBBE144723DA00D48DE9 /* Build configuration list for PBXNativeTarget "GitExtensions" */ = {
			isa = XCConfigurationList;
			buildConfigurations = (
				B6E7DBBF144723DA00D48DE9 /* Debug */,
				B6E7DBC0144723DA00D48DE9 /* Release */,
			);
			defaultConfigurationIsVisible = 0;
			defaultConfigurationName = Release;
		};
/* End XCConfigurationList section */
	};
	rootObject = B6E7DB97144723D900D48DE9 /* Project object */;
}
